
Microsoft Visual Studio Solution File, Format Version 12.00
# Visual Studio Version 16
VisualStudioVersion = 16.0.29926.136
MinimumVisualStudioVersion = 10.0.40219.1
Project("{FAE04EC0-301F-11D3-BF4B-00C04F79EFBC}") = "Bricklin App", "Bricklin App.csproj", "{3CD8E199-0847-47F0-B05B-50E265540452}"
EndProject
Global
	GlobalSection(SolutionConfigurationPlatforms) = preSolution
		Debug|Any CPU = Debug|Any CPU
		Release|Any CPU = Release|Any CPU
	EndGlobalSection
	GlobalSection(ProjectConfigurationPlatforms) = postSolution
		{3CD8E199-0847-47F0-B05B-50E265540452}.Debug|Any CPU.ActiveCfg = Debug|Any CPU
		{3CD8E199-0847-47F0-B05B-50E265540452}.Debug|Any CPU.Build.0 = Debug|Any CPU
		{3CD8E199-0847-47F0-B05B-50E265540452}.Release|Any CPU.ActiveCfg = Release|Any CPU
		{3CD8E199-0847-47F0-B05B-50E265540452}.Release|Any CPU.Build.0 = Release|Any CPU
	EndGlobalSection
	GlobalSection(SolutionProperties) = preSolution
		HideSolutionNode = FALSE
	EndGlobalSection
	GlobalSection(ExtensibilityGlobals) = postSolution
		SolutionGuid = {CFBFF1DF-6F46-4EAE-AE49-52FA2A8D43F5}
	EndGlobalSection
EndGlobal
